
Microsoft Visual Studio Solution File, Format Version 12.00
Project("{FAE04EC0-301F-11D3-BF4B-00C04F79EFBC}") = "Kenshi.API", "Kenshi.API\Kenshi.API.csproj", "{7A7454CB-3D58-414A-B05A-0E5926981410}"
EndProject
Project("{FAE04EC0-301F-11D3-BF4B-00C04F79EFBC}") = "Kenshi.Shared", "Kenshi.Shared\Kenshi.Shared.csproj", "{760CD983-B09B-4183-9240-17F87361A870}"
EndProject
Project("{FAE04EC0-301F-11D3-BF4B-00C04F79EFBC}") = "Kenshi.Backend.Shared", "Kenshi.Backend.Shared\Kenshi.Backend.Shared.csproj", "{9D80F23F-1E02-4E68-AA06-85F72CBF2FE1}"
EndProject
Project("{FAE04EC0-301F-11D3-BF4B-00C04F79EFBC}") = "Kenshi.UnitTest", "Kenshi.UnitTest\Kenshi.UnitTest.csproj", "{ABAF1D72-6C19-41D7-909D-0A03FE58BCB8}"
EndProject
Project("{FAE04EC0-301F-11D3-BF4B-00C04F79EFBC}") = "Kenshi.Web.App", "Kenshi.Web.App\Kenshi.Web.App.csproj", "{D0AFBFDA-E3FC-4489-A866-1C1F05DE6756}"
EndProject
Global
	GlobalSection(SolutionConfigurationPlatforms) = preSolution
		Debug|Any CPU = Debug|Any CPU
		Release|Any CPU = Release|Any CPU
	EndGlobalSection
	GlobalSection(ProjectConfigurationPlatforms) = postSolution
		{7A7454CB-3D58-414A-B05A-0E5926981410}.Debug|Any CPU.ActiveCfg = Debug|Any CPU
		{7A7454CB-3D58-414A-B05A-0E5926981410}.Debug|Any CPU.Build.0 = Debug|Any CPU
		{7A7454CB-3D58-414A-B05A-0E5926981410}.Release|Any CPU.ActiveCfg = Release|Any CPU
		{7A7454CB-3D58-414A-B05A-0E5926981410}.Release|Any CPU.Build.0 = Release|Any CPU
		{760CD983-B09B-4183-9240-17F87361A870}.Debug|Any CPU.ActiveCfg = Debug|Any CPU
		{760CD983-B09B-4183-9240-17F87361A870}.Debug|Any CPU.Build.0 = Debug|Any CPU
		{760CD983-B09B-4183-9240-17F87361A870}.Release|Any CPU.ActiveCfg = Release|Any CPU
		{760CD983-B09B-4183-9240-17F87361A870}.Release|Any CPU.Build.0 = Release|Any CPU
		{9D80F23F-1E02-4E68-AA06-85F72CBF2FE1}.Debug|Any CPU.ActiveCfg = Debug|Any CPU
		{9D80F23F-1E02-4E68-AA06-85F72CBF2FE1}.Debug|Any CPU.Build.0 = Debug|Any CPU
		{9D80F23F-1E02-4E68-AA06-85F72CBF2FE1}.Release|Any CPU.ActiveCfg = Release|Any CPU
		{9D80F23F-1E02-4E68-AA06-85F72CBF2FE1}.Release|Any CPU.Build.0 = Release|Any CPU
		{ABAF1D72-6C19-41D7-909D-0A03FE58BCB8}.Debug|Any CPU.ActiveCfg = Debug|Any CPU
		{ABAF1D72-6C19-41D7-909D-0A03FE58BCB8}.Debug|Any CPU.Build.0 = Debug|Any CPU
		{ABAF1D72-6C19-41D7-909D-0A03FE58BCB8}.Release|Any CPU.ActiveCfg = Release|Any CPU
		{ABAF1D72-6C19-41D7-909D-0A03FE58BCB8}.Release|Any CPU.Build.0 = Release|Any CPU
		{D0AFBFDA-E3FC-4489-A866-1C1F05DE6756}.Debug|Any CPU.ActiveCfg = Debug|Any CPU
		{D0AFBFDA-E3FC-4489-A866-1C1F05DE6756}.Debug|Any CPU.Build.0 = Debug|Any CPU
		{D0AFBFDA-E3FC-4489-A866-1C1F05DE6756}.Release|Any CPU.ActiveCfg = Release|Any CPU
		{D0AFBFDA-E3FC-4489-A866-1C1F05DE6756}.Release|Any CPU.Build.0 = Release|Any CPU
	EndGlobalSection
EndGlobal
